
Microsoft Visual Studio Solution File, Format Version 12.00
# Visual Studio Version 17
VisualStudioVersion = 17.11.35327.3
MinimumVisualStudioVersion = 10.0.40219.1
Project("{FAE04EC0-301F-11D3-BF4B-00C04F79EFBC}") = "SreenCaptureVideoWPF", "SreenCaptureVideoWPF.csproj", "{B254295D-7953-4CBF-809D-5E9FCBF21CB3}"
EndProject
Global
	GlobalSection(SolutionConfigurationPlatforms) = preSolution
		Debug|Any CPU = Debug|Any CPU
		Release|Any CPU = Release|Any CPU
	EndGlobalSection
	GlobalSection(ProjectConfigurationPlatforms) = postSolution
		{B254295D-7953-4CBF-809D-5E9FCBF21CB3}.Debug|Any CPU.ActiveCfg = Debug|Any CPU
		{B254295D-7953-4CBF-809D-5E9FCBF21CB3}.Debug|Any CPU.Build.0 = Debug|Any CPU
		{B254295D-7953-4CBF-809D-5E9FCBF21CB3}.Release|Any CPU.ActiveCfg = Release|Any CPU
		{B254295D-7953-4CBF-809D-5E9FCBF21CB3}.Release|Any CPU.Build.0 = Release|Any CPU
	EndGlobalSection
	GlobalSection(SolutionProperties) = preSolution
		HideSolutionNode = FALSE
	EndGlobalSection
	GlobalSection(ExtensibilityGlobals) = postSolution
		SolutionGuid = {1EBA2959-3CE2-43EF-9CF1-1DA335978170}
	EndGlobalSection
EndGlobal
